
Microsoft Visual Studio Solution File, Format Version 12.00
# Visual Studio Version 17
VisualStudioVersion = 17.11.35303.130
MinimumVisualStudioVersion = 10.0.40219.1
Project("{FAE04EC0-301F-11D3-BF4B-00C04F79EFBC}") = "Model", "Model\Model.csproj", "{705F7E07-DBDB-4005-892C-BC83DBC0582C}"
EndProject
Global
	GlobalSection(SolutionConfigurationPlatforms) = preSolution
		Debug|Any CPU = Debug|Any CPU
		Release|Any CPU = Release|Any CPU
	EndGlobalSection
	GlobalSection(ProjectConfigurationPlatforms) = postSolution
		{705F7E07-DBDB-4005-892C-BC83DBC0582C}.Debug|Any CPU.ActiveCfg = Debug|Any CPU
		{705F7E07-DBDB-4005-892C-BC83DBC0582C}.Debug|Any CPU.Build.0 = Debug|Any CPU
		{705F7E07-DBDB-4005-892C-BC83DBC0582C}.Release|Any CPU.ActiveCfg = Release|Any CPU
		{705F7E07-DBDB-4005-892C-BC83DBC0582C}.Release|Any CPU.Build.0 = Release|Any CPU
	EndGlobalSection
	GlobalSection(SolutionProperties) = preSolution
		HideSolutionNode = FALSE
	EndGlobalSection
	GlobalSection(ExtensibilityGlobals) = postSolution
		SolutionGuid = {BFA2BDB2-AF90-4B8B-B2CB-E7C7B3E30670}
	EndGlobalSection
EndGlobal
